<?xml version="1.0" encoding="utf-8"?>
<Project ToolsVersion="4.0" xmlns="http://schemas.microsoft.com/developer/msbuild/2003">
  <ItemGroup>
    <Filter Include="소스 파일">
      <UniqueIdentifier>{4FC737F1-C7A5-4376-A066-2A32D752A2FF}</UniqueIdentifier>
      <Extensions>cpp;c;cc;cxx;c++;cppm;ixx;def;odl;idl;hpj;bat;asm;asmx</Extensions>
    </Filter>
    <Filter Include="헤더 파일">
      <UniqueIdentifier>{93995380-89BD-4b04-88EB-625FBE52EBFB}</UniqueIdentifier>
      <Extensions>h;hh;hpp;hxx;h++;hm;inl;inc;ipp;xsd</Extensions>
    </Filter>
    <Filter Include="리소스 파일">
      <UniqueIdentifier>{67DA6AB6-F800-4c08-8B7A-83BB121AAD01}</UniqueIdentifier>
      <Extensions>rc;ico;cur;bmp;dlg;rc2;rct;bin;rgs;gif;jpg;jpeg;jpe;resx;tiff;tif;png;wav;mfcribbon-ms</Extensions>
    </Filter>
  </ItemGroup>
  <ItemGroup>
    <ClCompile Include="MainForm.cpp">
      <Filter>소스 파일</Filter>
    </ClCompile>
    <ClCompile Include="Gackin.cpp">
      <Filter>소스 파일</Filter>
    </ClCompile>
  </ItemGroup>
  <ItemGroup>
    <ClInclude Include="MainForm.h">
      <Filter>헤더 파일</Filter>
    </ClInclude>
    <ClInclude Include="ChooseForm.h">
      <Filter>헤더 파일</Filter>
    </ClInclude>
    <ClInclude Include="GackinForm.h">
      <Filter>헤더 파일</Filter>
    </ClInclude>
    <ClInclude Include="RaidForm.h">
      <Filter>헤더 파일</Filter>
    </ClInclude>
    <ClInclude Include="RaidCalForm.h">
      <Filter>헤더 파일</Filter>
    </ClInclude>
    <ClInclude Include="RaidCalHeader.h">
      <Filter>헤더 파일</Filter>
    </ClInclude>
    <ClInclude Include="ProfileForm.h">
      <Filter>헤더 파일</Filter>
    </ClInclude>
    <ClInclude Include="Gackin.h">
      <Filter>헤더 파일</Filter>
    </ClInclude>
    <ClInclude Include="RockForm.h">
      <Filter>헤더 파일</Filter>
    </ClInclude>
    <ClInclude Include="RockHeader.h">
      <Filter>헤더 파일</Filter>
    </ClInclude>
    <ClInclude Include="AbyssForm.h">
      <Filter>헤더 파일</Filter>
    </ClInclude>
    <ClInclude Include="Card_le_advancedForm.h">
      <Filter>헤더 파일</Filter>
    </ClInclude>
    <ClInclude Include="Card_le_heroForm.h">
      <Filter>헤더 파일</Filter>
    </ClInclude>
    <ClInclude Include="Card_le_nomalForm.h">
      <Filter>헤더 파일</Filter>
    </ClInclude>
    <ClInclude Include="Card_le_rareForm.h">
      <Filter>헤더 파일</Filter>
    </ClInclude>
    <ClInclude Include="CardSimulHeader.h">
      <Filter>헤더 파일</Filter>
    </ClInclude>
    <ClInclude Include="LegendForm.h">
      <Filter>헤더 파일</Filter>
    </ClInclude>
    <ClInclude Include="SimulForm.h">
      <Filter>헤더 파일</Filter>
    </ClInclude>
  </ItemGroup>
  <ItemGroup>
    <EmbeddedResource Include="Card_le_advancedForm.resx">
      <Filter>리소스 파일</Filter>
    </EmbeddedResource>
    <EmbeddedResource Include="Card_le_heroForm.resx">
      <Filter>리소스 파일</Filter>
    </EmbeddedResource>
    <EmbeddedResource Include="Card_le_nomalForm.resx">
      <Filter>리소스 파일</Filter>
    </EmbeddedResource>
    <EmbeddedResource Include="Card_le_rareForm.resx">
      <Filter>리소스 파일</Filter>
    </EmbeddedResource>
    <EmbeddedResource Include="LegendForm.resx">
      <Filter>리소스 파일</Filter>
    </EmbeddedResource>
    <EmbeddedResource Include="SimulForm.resx">
      <Filter>리소스 파일</Filter>
    </EmbeddedResource>
    <EmbeddedResource Include="AbyssForm.resx">
      <Filter>헤더 파일</Filter>
    </EmbeddedResource>
    <EmbeddedResource Include="RockForm.resx">
      <Filter>리소스 파일</Filter>
    </EmbeddedResource>
  </ItemGroup>
  <ItemGroup>
    <Image Include="icon.ico">
      <Filter>리소스 파일</Filter>
    </Image>
    <Image Include="mainicon.ico">
      <Filter>리소스 파일</Filter>
    </Image>
    <Image Include="$this.Icon.ico">
      <Filter>리소스 파일</Filter>
    </Image>
    <Image Include="mainIcon.png">
      <Filter>리소스 파일</Filter>
    </Image>
    <Image Include="..\icon.ico">
      <Filter>리소스 파일</Filter>
    </Image>
  </ItemGroup>
</Project>